
Microsoft Visual Studio Solution File, Format Version 12.00
# Visual Studio 14
VisualStudioVersion = 14.0.25420.1
MinimumVisualStudioVersion = 10.0.40219.1
Project("{8BC9CEB8-8B4A-11D0-8D11-00A0C91BC942}") = "CommonImport", "CommonImport\CommonImport.vcxproj", "{2635278D-BEC7-4520-B57C-DCA41E955CD4}"
EndProject
Project("{8BC9CEB8-8B4A-11D0-8D11-00A0C91BC942}") = "HelloWindow", "HelloWindow\HelloWindow.vcxproj", "{AEEE21E9-DECB-4BC9-9315-B1752D0F9549}"
	ProjectSection(ProjectDependencies) = postProject
		{2635278D-BEC7-4520-B57C-DCA41E955CD4} = {2635278D-BEC7-4520-B57C-DCA41E955CD4}
	EndProjectSection
EndProject
Project("{8BC9CEB8-8B4A-11D0-8D11-00A0C91BC942}") = "HelloTriangle", "HelloTriangle\HelloTriangle.vcxproj", "{1960AE6E-9CEE-4451-B047-03ADCE5A57BE}"
	ProjectSection(ProjectDependencies) = postProject
		{2635278D-BEC7-4520-B57C-DCA41E955CD4} = {2635278D-BEC7-4520-B57C-DCA41E955CD4}
	EndProjectSection
EndProject
Project("{8BC9CEB8-8B4A-11D0-8D11-00A0C91BC942}") = "Shader", "Shader\Shader.vcxproj", "{24CA8F71-2113-4713-B026-34F4C01476DA}"
	ProjectSection(ProjectDependencies) = postProject
		{2635278D-BEC7-4520-B57C-DCA41E955CD4} = {2635278D-BEC7-4520-B57C-DCA41E955CD4}
	EndProjectSection
EndProject
Project("{8BC9CEB8-8B4A-11D0-8D11-00A0C91BC942}") = "Texture", "Texture\Texture.vcxproj", "{0A8E5382-3A77-4445-9200-94D3D324368B}"
	ProjectSection(ProjectDependencies) = postProject
		{2635278D-BEC7-4520-B57C-DCA41E955CD4} = {2635278D-BEC7-4520-B57C-DCA41E955CD4}
	EndProjectSection
EndProject
Project("{8BC9CEB8-8B4A-11D0-8D11-00A0C91BC942}") = "Transform", "Transform\Transform.vcxproj", "{7B1A90E9-A77C-403E-A6A3-1D7F348B9112}"
	ProjectSection(ProjectDependencies) = postProject
		{2635278D-BEC7-4520-B57C-DCA41E955CD4} = {2635278D-BEC7-4520-B57C-DCA41E955CD4}
	EndProjectSection
EndProject
Project("{8BC9CEB8-8B4A-11D0-8D11-00A0C91BC942}") = "CoordinateSystems", "CoordinateSystems\CoordinateSystems.vcxproj", "{E40BCF5A-8306-42BC-BE70-E913EDACB42F}"
	ProjectSection(ProjectDependencies) = postProject
		{2635278D-BEC7-4520-B57C-DCA41E955CD4} = {2635278D-BEC7-4520-B57C-DCA41E955CD4}
	EndProjectSection
EndProject
Project("{8BC9CEB8-8B4A-11D0-8D11-00A0C91BC942}") = "Camera", "Camera\Camera.vcxproj", "{DD75B09B-7AE1-47DC-AACB-647608BD682D}"
	ProjectSection(ProjectDependencies) = postProject
		{2635278D-BEC7-4520-B57C-DCA41E955CD4} = {2635278D-BEC7-4520-B57C-DCA41E955CD4}
	EndProjectSection
EndProject
Project("{8BC9CEB8-8B4A-11D0-8D11-00A0C91BC942}") = "BasicLight", "BasicLight\BasicLight.vcxproj", "{B284407F-E324-4D19-8533-3C344AC8BBA3}"
	ProjectSection(ProjectDependencies) = postProject
		{2635278D-BEC7-4520-B57C-DCA41E955CD4} = {2635278D-BEC7-4520-B57C-DCA41E955CD4}
	EndProjectSection
EndProject
Project("{8BC9CEB8-8B4A-11D0-8D11-00A0C91BC942}") = "Material", "Material\Material.vcxproj", "{980DC973-B4A7-43E6-8079-486C4716ADB4}"
	ProjectSection(ProjectDependencies) = postProject
		{2635278D-BEC7-4520-B57C-DCA41E955CD4} = {2635278D-BEC7-4520-B57C-DCA41E955CD4}
	EndProjectSection
EndProject
Project("{8BC9CEB8-8B4A-11D0-8D11-00A0C91BC942}") = "LightingMaps", "LightingMaps\LightingMaps.vcxproj", "{B2C93734-4348-492B-B5E6-D784C1B3E065}"
	ProjectSection(ProjectDependencies) = postProject
		{2635278D-BEC7-4520-B57C-DCA41E955CD4} = {2635278D-BEC7-4520-B57C-DCA41E955CD4}
	EndProjectSection
EndProject
Project("{8BC9CEB8-8B4A-11D0-8D11-00A0C91BC942}") = "LightCasters", "LightCasters\LightCasters.vcxproj", "{1E987CF5-3574-449B-986B-CFD20F696BE6}"
	ProjectSection(ProjectDependencies) = postProject
		{2635278D-BEC7-4520-B57C-DCA41E955CD4} = {2635278D-BEC7-4520-B57C-DCA41E955CD4}
	EndProjectSection
EndProject
Project("{8BC9CEB8-8B4A-11D0-8D11-00A0C91BC942}") = "MultipleLights", "MultipleLights\MultipleLights.vcxproj", "{ACBB9966-41F9-491B-87AE-BEF2BE9076EA}"
	ProjectSection(ProjectDependencies) = postProject
		{2635278D-BEC7-4520-B57C-DCA41E955CD4} = {2635278D-BEC7-4520-B57C-DCA41E955CD4}
	EndProjectSection
EndProject
Project("{8BC9CEB8-8B4A-11D0-8D11-00A0C91BC942}") = "Model", "Model\Model.vcxproj", "{711561EE-FD3A-4BC0-969D-F5AF3F2EB95B}"
	ProjectSection(ProjectDependencies) = postProject
		{2635278D-BEC7-4520-B57C-DCA41E955CD4} = {2635278D-BEC7-4520-B57C-DCA41E955CD4}
	EndProjectSection
EndProject
Project("{8BC9CEB8-8B4A-11D0-8D11-00A0C91BC942}") = "DepthTest", "DepthTest\DepthTest.vcxproj", "{1FE77762-2210-4652-9F06-5484572AF54E}"
EndProject
Project("{8BC9CEB8-8B4A-11D0-8D11-00A0C91BC942}") = "StencilTest", "StencilTest\StencilTest.vcxproj", "{BE524FA9-0D0D-4302-BC5D-1946C100F362}"
EndProject
Project("{8BC9CEB8-8B4A-11D0-8D11-00A0C91BC942}") = "CullFace", "CullFace\CullFace.vcxproj", "{934CA49D-AF28-40AD-B079-D287D3E1C2A7}"
EndProject
Project("{8BC9CEB8-8B4A-11D0-8D11-00A0C91BC942}") = "Blend", "Blend\Blend.vcxproj", "{D5D74E08-DC70-4365-AC1A-7894554DAB13}"
EndProject
Project("{8BC9CEB8-8B4A-11D0-8D11-00A0C91BC942}") = "BlendDiscard", "BlendDiscard\BlendDiscard.vcxproj", "{5E279538-6386-43D2-90FB-FB91A2C39E59}"
EndProject
Project("{8BC9CEB8-8B4A-11D0-8D11-00A0C91BC942}") = "FrameBuffer", "FrameBuffer\FrameBuffer.vcxproj", "{87748B05-943F-4337-A4A2-837203DB19DC}"
EndProject
Global
	GlobalSection(SolutionConfigurationPlatforms) = preSolution
		Debug|x64 = Debug|x64
		Debug|x86 = Debug|x86
		Release|x64 = Release|x64
		Release|x86 = Release|x86
	EndGlobalSection
	GlobalSection(ProjectConfigurationPlatforms) = postSolution
		{2635278D-BEC7-4520-B57C-DCA41E955CD4}.Debug|x64.ActiveCfg = Debug|x64
		{2635278D-BEC7-4520-B57C-DCA41E955CD4}.Debug|x64.Build.0 = Debug|x64
		{2635278D-BEC7-4520-B57C-DCA41E955CD4}.Debug|x86.ActiveCfg = Debug|Win32
		{2635278D-BEC7-4520-B57C-DCA41E955CD4}.Debug|x86.Build.0 = Debug|Win32
		{2635278D-BEC7-4520-B57C-DCA41E955CD4}.Release|x64.ActiveCfg = Release|x64
		{2635278D-BEC7-4520-B57C-DCA41E955CD4}.Release|x64.Build.0 = Release|x64
		{2635278D-BEC7-4520-B57C-DCA41E955CD4}.Release|x86.ActiveCfg = Release|Win32
		{2635278D-BEC7-4520-B57C-DCA41E955CD4}.Release|x86.Build.0 = Release|Win32
		{AEEE21E9-DECB-4BC9-9315-B1752D0F9549}.Debug|x64.ActiveCfg = Debug|x64
		{AEEE21E9-DECB-4BC9-9315-B1752D0F9549}.Debug|x64.Build.0 = Debug|x64
		{AEEE21E9-DECB-4BC9-9315-B1752D0F9549}.Debug|x86.ActiveCfg = Debug|Win32
		{AEEE21E9-DECB-4BC9-9315-B1752D0F9549}.Debug|x86.Build.0 = Debug|Win32
		{AEEE21E9-DECB-4BC9-9315-B1752D0F9549}.Release|x64.ActiveCfg = Release|x64
		{AEEE21E9-DECB-4BC9-9315-B1752D0F9549}.Release|x64.Build.0 = Release|x64
		{AEEE21E9-DECB-4BC9-9315-B1752D0F9549}.Release|x86.ActiveCfg = Release|Win32
		{AEEE21E9-DECB-4BC9-9315-B1752D0F9549}.Release|x86.Build.0 = Release|Win32
		{1960AE6E-9CEE-4451-B047-03ADCE5A57BE}.Debug|x64.ActiveCfg = Debug|x64
		{1960AE6E-9CEE-4451-B047-03ADCE5A57BE}.Debug|x64.Build.0 = Debug|x64
		{1960AE6E-9CEE-4451-B047-03ADCE5A57BE}.Debug|x86.ActiveCfg = Debug|Win32
		{1960AE6E-9CEE-4451-B047-03ADCE5A57BE}.Debug|x86.Build.0 = Debug|Win32
		{1960AE6E-9CEE-4451-B047-03ADCE5A57BE}.Release|x64.ActiveCfg = Release|x64
		{1960AE6E-9CEE-4451-B047-03ADCE5A57BE}.Release|x64.Build.0 = Release|x64
		{1960AE6E-9CEE-4451-B047-03ADCE5A57BE}.Release|x86.ActiveCfg = Release|Win32
		{1960AE6E-9CEE-4451-B047-03ADCE5A57BE}.Release|x86.Build.0 = Release|Win32
		{24CA8F71-2113-4713-B026-34F4C01476DA}.Debug|x64.ActiveCfg = Debug|x64
		{24CA8F71-2113-4713-B026-34F4C01476DA}.Debug|x64.Build.0 = Debug|x64
		{24CA8F71-2113-4713-B026-34F4C01476DA}.Debug|x86.ActiveCfg = Debug|Win32
		{24CA8F71-2113-4713-B026-34F4C01476DA}.Debug|x86.Build.0 = Debug|Win32
		{24CA8F71-2113-4713-B026-34F4C01476DA}.Release|x64.ActiveCfg = Release|x64
		{24CA8F71-2113-4713-B026-34F4C01476DA}.Release|x64.Build.0 = Release|x64
		{24CA8F71-2113-4713-B026-34F4C01476DA}.Release|x86.ActiveCfg = Release|Win32
		{24CA8F71-2113-4713-B026-34F4C01476DA}.Release|x86.Build.0 = Release|Win32
		{0A8E5382-3A77-4445-9200-94D3D324368B}.Debug|x64.ActiveCfg = Debug|x64
		{0A8E5382-3A77-4445-9200-94D3D324368B}.Debug|x64.Build.0 = Debug|x64
		{0A8E5382-3A77-4445-9200-94D3D324368B}.Debug|x86.ActiveCfg = Debug|Win32
		{0A8E5382-3A77-4445-9200-94D3D324368B}.Debug|x86.Build.0 = Debug|Win32
		{0A8E5382-3A77-4445-9200-94D3D324368B}.Release|x64.ActiveCfg = Release|x64
		{0A8E5382-3A77-4445-9200-94D3D324368B}.Release|x64.Build.0 = Release|x64
		{0A8E5382-3A77-4445-9200-94D3D324368B}.Release|x86.ActiveCfg = Release|Win32
		{0A8E5382-3A77-4445-9200-94D3D324368B}.Release|x86.Build.0 = Release|Win32
		{7B1A90E9-A77C-403E-A6A3-1D7F348B9112}.Debug|x64.ActiveCfg = Debug|x64
		{7B1A90E9-A77C-403E-A6A3-1D7F348B9112}.Debug|x64.Build.0 = Debug|x64
		{7B1A90E9-A77C-403E-A6A3-1D7F348B9112}.Debug|x86.ActiveCfg = Debug|Win32
		{7B1A90E9-A77C-403E-A6A3-1D7F348B9112}.Debug|x86.Build.0 = Debug|Win32
		{7B1A90E9-A77C-403E-A6A3-1D7F348B9112}.Release|x64.ActiveCfg = Release|x64
		{7B1A90E9-A77C-403E-A6A3-1D7F348B9112}.Release|x64.Build.0 = Release|x64
		{7B1A90E9-A77C-403E-A6A3-1D7F348B9112}.Release|x86.ActiveCfg = Release|Win32
		{7B1A90E9-A77C-403E-A6A3-1D7F348B9112}.Release|x86.Build.0 = Release|Win32
		{E40BCF5A-8306-42BC-BE70-E913EDACB42F}.Debug|x64.ActiveCfg = Debug|x64
		{E40BCF5A-8306-42BC-BE70-E913EDACB42F}.Debug|x64.Build.0 = Debug|x64
		{E40BCF5A-8306-42BC-BE70-E913EDACB42F}.Debug|x86.ActiveCfg = Debug|Win32
		{E40BCF5A-8306-42BC-BE70-E913EDACB42F}.Debug|x86.Build.0 = Debug|Win32
		{E40BCF5A-8306-42BC-BE70-E913EDACB42F}.Release|x64.ActiveCfg = Release|x64
		{E40BCF5A-8306-42BC-BE70-E913EDACB42F}.Release|x64.Build.0 = Release|x64
		{E40BCF5A-8306-42BC-BE70-E913EDACB42F}.Release|x86.ActiveCfg = Release|Win32
		{E40BCF5A-8306-42BC-BE70-E913EDACB42F}.Release|x86.Build.0 = Release|Win32
		{DD75B09B-7AE1-47DC-AACB-647608BD682D}.Debug|x64.ActiveCfg = Debug|x64
		{DD75B09B-7AE1-47DC-AACB-647608BD682D}.Debug|x64.Build.0 = Debug|x64
		{DD75B09B-7AE1-47DC-AACB-647608BD682D}.Debug|x86.ActiveCfg = Debug|Win32
		{DD75B09B-7AE1-47DC-AACB-647608BD682D}.Debug|x86.Build.0 = Debug|Win32
		{DD75B09B-7AE1-47DC-AACB-647608BD682D}.Release|x64.ActiveCfg = Release|x64
		{DD75B09B-7AE1-47DC-AACB-647608BD682D}.Release|x64.Build.0 = Release|x64
		{DD75B09B-7AE1-47DC-AACB-647608BD682D}.Release|x86.ActiveCfg = Release|Win32
		{DD75B09B-7AE1-47DC-AACB-647608BD682D}.Release|x86.Build.0 = Release|Win32
		{B284407F-E324-4D19-8533-3C344AC8BBA3}.Debug|x64.ActiveCfg = Debug|x64
		{B284407F-E324-4D19-8533-3C344AC8BBA3}.Debug|x64.Build.0 = Debug|x64
		{B284407F-E324-4D19-8533-3C344AC8BBA3}.Debug|x86.ActiveCfg = Debug|Win32
		{B284407F-E324-4D19-8533-3C344AC8BBA3}.Debug|x86.Build.0 = Debug|Win32
		{B284407F-E324-4D19-8533-3C344AC8BBA3}.Release|x64.ActiveCfg = Release|x64
		{B284407F-E324-4D19-8533-3C344AC8BBA3}.Release|x64.Build.0 = Release|x64
		{B284407F-E324-4D19-8533-3C344AC8BBA3}.Release|x86.ActiveCfg = Release|Win32
		{B284407F-E324-4D19-8533-3C344AC8BBA3}.Release|x86.Build.0 = Release|Win32
		{980DC973-B4A7-43E6-8079-486C4716ADB4}.Debug|x64.ActiveCfg = Debug|x64
		{980DC973-B4A7-43E6-8079-486C4716ADB4}.Debug|x64.Build.0 = Debug|x64
		{980DC973-B4A7-43E6-8079-486C4716ADB4}.Debug|x86.ActiveCfg = Debug|Win32
		{980DC973-B4A7-43E6-8079-486C4716ADB4}.Debug|x86.Build.0 = Debug|Win32
		{980DC973-B4A7-43E6-8079-486C4716ADB4}.Release|x64.ActiveCfg = Release|x64
		{980DC973-B4A7-43E6-8079-486C4716ADB4}.Release|x64.Build.0 = Release|x64
		{980DC973-B4A7-43E6-8079-486C4716ADB4}.Release|x86.ActiveCfg = Release|Win32
		{980DC973-B4A7-43E6-8079-486C4716ADB4}.Release|x86.Build.0 = Release|Win32
		{B2C93734-4348-492B-B5E6-D784C1B3E065}.Debug|x64.ActiveCfg = Debug|x64
		{B2C93734-4348-492B-B5E6-D784C1B3E065}.Debug|x64.Build.0 = Debug|x64
		{B2C93734-4348-492B-B5E6-D784C1B3E065}.Debug|x86.ActiveCfg = Debug|Win32
		{B2C93734-4348-492B-B5E6-D784C1B3E065}.Debug|x86.Build.0 = Debug|Win32
		{B2C93734-4348-492B-B5E6-D784C1B3E065}.Release|x64.ActiveCfg = Release|x64
		{B2C93734-4348-492B-B5E6-D784C1B3E065}.Release|x64.Build.0 = Release|x64
		{B2C93734-4348-492B-B5E6-D784C1B3E065}.Release|x86.ActiveCfg = Release|Win32
		{B2C93734-4348-492B-B5E6-D784C1B3E065}.Release|x86.Build.0 = Release|Win32
		{1E987CF5-3574-449B-986B-CFD20F696BE6}.Debug|x64.ActiveCfg = Debug|x64
		{1E987CF5-3574-449B-986B-CFD20F696BE6}.Debug|x64.Build.0 = Debug|x64
		{1E987CF5-3574-449B-986B-CFD20F696BE6}.Debug|x86.ActiveCfg = Debug|Win32
		{1E987CF5-3574-449B-986B-CFD20F696BE6}.Debug|x86.Build.0 = Debug|Win32
		{1E987CF5-3574-449B-986B-CFD20F696BE6}.Release|x64.ActiveCfg = Release|x64
		{1E987CF5-3574-449B-986B-CFD20F696BE6}.Release|x64.Build.0 = Release|x64
		{1E987CF5-3574-449B-986B-CFD20F696BE6}.Release|x86.ActiveCfg = Release|Win32
		{1E987CF5-3574-449B-986B-CFD20F696BE6}.Release|x86.Build.0 = Release|Win32
		{ACBB9966-41F9-491B-87AE-BEF2BE9076EA}.Debug|x64.ActiveCfg = Debug|x64
		{ACBB9966-41F9-491B-87AE-BEF2BE9076EA}.Debug|x64.Build.0 = Debug|x64
		{ACBB9966-41F9-491B-87AE-BEF2BE9076EA}.Debug|x86.ActiveCfg = Debug|Win32
		{ACBB9966-41F9-491B-87AE-BEF2BE9076EA}.Debug|x86.Build.0 = Debug|Win32
		{ACBB9966-41F9-491B-87AE-BEF2BE9076EA}.Release|x64.ActiveCfg = Release|x64
		{ACBB9966-41F9-491B-87AE-BEF2BE9076EA}.Release|x64.Build.0 = Release|x64
		{ACBB9966-41F9-491B-87AE-BEF2BE9076EA}.Release|x86.ActiveCfg = Release|Win32
		{ACBB9966-41F9-491B-87AE-BEF2BE9076EA}.Release|x86.Build.0 = Release|Win32
		{711561EE-FD3A-4BC0-969D-F5AF3F2EB95B}.Debug|x64.ActiveCfg = Debug|x64
		{711561EE-FD3A-4BC0-969D-F5AF3F2EB95B}.Debug|x64.Build.0 = Debug|x64
		{711561EE-FD3A-4BC0-969D-F5AF3F2EB95B}.Debug|x86.ActiveCfg = Debug|Win32
		{711561EE-FD3A-4BC0-969D-F5AF3F2EB95B}.Debug|x86.Build.0 = Debug|Win32
		{711561EE-FD3A-4BC0-969D-F5AF3F2EB95B}.Release|x64.ActiveCfg = Release|x64
		{711561EE-FD3A-4BC0-969D-F5AF3F2EB95B}.Release|x64.Build.0 = Release|x64
		{711561EE-FD3A-4BC0-969D-F5AF3F2EB95B}.Release|x86.ActiveCfg = Release|Win32
		{711561EE-FD3A-4BC0-969D-F5AF3F2EB95B}.Release|x86.Build.0 = Release|Win32
		{1FE77762-2210-4652-9F06-5484572AF54E}.Debug|x64.ActiveCfg = Debug|x64
		{1FE77762-2210-4652-9F06-5484572AF54E}.Debug|x64.Build.0 = Debug|x64
		{1FE77762-2210-4652-9F06-5484572AF54E}.Debug|x86.ActiveCfg = Debug|Win32
		{1FE77762-2210-4652-9F06-5484572AF54E}.Debug|x86.Build.0 = Debug|Win32
		{1FE77762-2210-4652-9F06-5484572AF54E}.Release|x64.ActiveCfg = Release|x64
		{1FE77762-2210-4652-9F06-5484572AF54E}.Release|x64.Build.0 = Release|x64
		{1FE77762-2210-4652-9F06-5484572AF54E}.Release|x86.ActiveCfg = Release|Win32
		{1FE77762-2210-4652-9F06-5484572AF54E}.Release|x86.Build.0 = Release|Win32
		{BE524FA9-0D0D-4302-BC5D-1946C100F362}.Debug|x64.ActiveCfg = Debug|x64
		{BE524FA9-0D0D-4302-BC5D-1946C100F362}.Debug|x64.Build.0 = Debug|x64
		{BE524FA9-0D0D-4302-BC5D-1946C100F362}.Debug|x86.ActiveCfg = Debug|Win32
		{BE524FA9-0D0D-4302-BC5D-1946C100F362}.Debug|x86.Build.0 = Debug|Win32
		{BE524FA9-0D0D-4302-BC5D-1946C100F362}.Release|x64.ActiveCfg = Release|x64
		{BE524FA9-0D0D-4302-BC5D-1946C100F362}.Release|x64.Build.0 = Release|x64
		{BE524FA9-0D0D-4302-BC5D-1946C100F362}.Release|x86.ActiveCfg = Release|Win32
		{BE524FA9-0D0D-4302-BC5D-1946C100F362}.Release|x86.Build.0 = Release|Win32
		{934CA49D-AF28-40AD-B079-D287D3E1C2A7}.Debug|x64.ActiveCfg = Debug|x64
		{934CA49D-AF28-40AD-B079-D287D3E1C2A7}.Debug|x64.Build.0 = Debug|x64
		{934CA49D-AF28-40AD-B079-D287D3E1C2A7}.Debug|x86.ActiveCfg = Debug|Win32
		{934CA49D-AF28-40AD-B079-D287D3E1C2A7}.Debug|x86.Build.0 = Debug|Win32
		{934CA49D-AF28-40AD-B079-D287D3E1C2A7}.Release|x64.ActiveCfg = Release|x64
		{934CA49D-AF28-40AD-B079-D287D3E1C2A7}.Release|x64.Build.0 = Release|x64
		{934CA49D-AF28-40AD-B079-D287D3E1C2A7}.Release|x86.ActiveCfg = Release|Win32
		{934CA49D-AF28-40AD-B079-D287D3E1C2A7}.Release|x86.Build.0 = Release|Win32
		{D5D74E08-DC70-4365-AC1A-7894554DAB13}.Debug|x64.ActiveCfg = Debug|x64
		{D5D74E08-DC70-4365-AC1A-7894554DAB13}.Debug|x64.Build.0 = Debug|x64
		{D5D74E08-DC70-4365-AC1A-7894554DAB13}.Debug|x86.ActiveCfg = Debug|Win32
		{D5D74E08-DC70-4365-AC1A-7894554DAB13}.Debug|x86.Build.0 = Debug|Win32
		{D5D74E08-DC70-4365-AC1A-7894554DAB13}.Release|x64.ActiveCfg = Release|x64
		{D5D74E08-DC70-4365-AC1A-7894554DAB13}.Release|x64.Build.0 = Release|x64
		{D5D74E08-DC70-4365-AC1A-7894554DAB13}.Release|x86.ActiveCfg = Release|Win32
		{D5D74E08-DC70-4365-AC1A-7894554DAB13}.Release|x86.Build.0 = Release|Win32
		{5E279538-6386-43D2-90FB-FB91A2C39E59}.Debug|x64.ActiveCfg = Debug|x64
		{5E279538-6386-43D2-90FB-FB91A2C39E59}.Debug|x64.Build.0 = Debug|x64
		{5E279538-6386-43D2-90FB-FB91A2C39E59}.Debug|x86.ActiveCfg = Debug|Win32
		{5E279538-6386-43D2-90FB-FB91A2C39E59}.Debug|x86.Build.0 = Debug|Win32
		{5E279538-6386-43D2-90FB-FB91A2C39E59}.Release|x64.ActiveCfg = Release|x64
		{5E279538-6386-43D2-90FB-FB91A2C39E59}.Release|x64.Build.0 = Release|x64
		{5E279538-6386-43D2-90FB-FB91A2C39E59}.Release|x86.ActiveCfg = Release|Win32
		{5E279538-6386-43D2-90FB-FB91A2C39E59}.Release|x86.Build.0 = Release|Win32
		{87748B05-943F-4337-A4A2-837203DB19DC}.Debug|x64.ActiveCfg = Debug|x64
		{87748B05-943F-4337-A4A2-837203DB19DC}.Debug|x64.Build.0 = Debug|x64
		{87748B05-943F-4337-A4A2-837203DB19DC}.Debug|x86.ActiveCfg = Debug|Win32
		{87748B05-943F-4337-A4A2-837203DB19DC}.Debug|x86.Build.0 = Debug|Win32
		{87748B05-943F-4337-A4A2-837203DB19DC}.Release|x64.ActiveCfg = Release|x64
		{87748B05-943F-4337-A4A2-837203DB19DC}.Release|x64.Build.0 = Release|x64
		{87748B05-943F-4337-A4A2-837203DB19DC}.Release|x86.ActiveCfg = Release|Win32
		{87748B05-943F-4337-A4A2-837203DB19DC}.Release|x86.Build.0 = Release|Win32
	EndGlobalSection
	GlobalSection(SolutionProperties) = preSolution
		HideSolutionNode = FALSE
	EndGlobalSection
EndGlobal
